GEM
  remote: https://rubygems.org/
  specs:
    coderay (1.1.3)
    colorize (1.1.0)
    concurrent-ruby (1.3.8)
    faker (3.8.0)
      i18n (>= 1.8.11, < 2)
    i18n (1.15.2)
      concurrent-ruby (~> 1.0)
    io-console (0.8.2)
    method_source (1.1.0)
    pry (0.16.0)
      coderay (~> 1.1)
      method_source (~> 1.0)
      reline (>= 0.6.0)
    reline (0.6.3)
      io-console (~> 0.5)

PLATFORMS
  ruby
  x86_64-linux

DEPENDENCIES
  colorize
  faker (>= 3.0)
  pry (~> 0.15)

CHECKSUMS
  coderay (1.1.3) sha256=dc530018a4684512f8f38143cd2a096c9f02a1fc2459edcfe534787a7fc77d4b
  colorize (1.1.0) sha256=30b5237f0603f6662ab8d1fc2bd4a96142b806c6415d79e45ef5fdc6a0cfc837
  concurrent-ruby (1.3.8) sha256=b2f1be836e968ccc78ccfce277ea79c72a88633f22306782c16ff23fb415d1e1
  faker (3.8.0) sha256=c147b308df73a90f27a4fc84f18d4c22ef0ad9c2a64b2b61c86fd0ca71753efc
  i18n (1.15.2) sha256=00f9eb62412fe593b2a65a97daa75300d37abb8f7202ec748e94b6d46a9dd1b5
  io-console (0.8.2) sha256=d6e3ae7a7cc7574f4b8893b4fca2162e57a825b223a177b7afa236c5ef9814cc
  method_source (1.1.0) sha256=181301c9c45b731b4769bc81e8860e72f9161ad7d66dd99103c9ab84f560f5c5
  pry (0.16.0) sha256=d76c69065698ed1f85e717bd33d7942c38a50868f6b0673c636192b3d1b6054e
  reline (0.6.3) sha256=1198b04973565b36ec0f11542ab3f5cfeeec34823f4e54cebde90968092b1835

BUNDLED WITH
  4.0.16
